
Microsoft Visual Studio Solution File, Format Version 12.00
# Visual Studio 15
Project("{FAE04EC0-301F-11D3-BF4B-00C04F79EFBC}") = "Assembly-CSharp", "Assembly-CSharp.csproj", "{5280FCA0-7903-0457-4627-6712F7705BB7}"
EndProject
Project("{FAE04EC0-301F-11D3-BF4B-00C04F79EFBC}") = "Assembly-CSharp-Editor", "Assembly-CSharp-Editor.csproj", "{5A34B16A-98F1-1F71-7BCB-FA3ACAF52199}"
EndProject
Project("{FAE04EC0-301F-11D3-BF4B-00C04F79EFBC}") = "Unity.XR.Interaction.Toolkit.Samples.StarterAssets", "Unity.XR.Interaction.Toolkit.Samples.StarterAssets.csproj", "{0982C610-9489-90FE-4748-2459F065DC1D}"
EndProject
Project("{FAE04EC0-301F-11D3-BF4B-00C04F79EFBC}") = "Unity.XR.Interaction.Toolkit.Samples.StarterAssets.Editor", "Unity.XR.Interaction.Toolkit.Samples.StarterAssets.Editor.csproj", "{D3B881CD-EFDC-A1B2-E70D-EB781386C8C0}"
EndProject
Global
	GlobalSection(SolutionConfigurationPlatforms) = preSolution
		Debug|Any CPU = Debug|Any CPU
		Release|Any CPU = Release|Any CPU
	EndGlobalSection
	GlobalSection(ProjectConfigurationPlatforms) = postSolution
		{5280FCA0-7903-0457-4627-6712F7705BB7}.Debug|Any CPU.ActiveCfg = Debug|Any CPU
		{5280FCA0-7903-0457-4627-6712F7705BB7}.Debug|Any CPU.Build.0 = Debug|Any CPU
		{5280FCA0-7903-0457-4627-6712F7705BB7}.Release|Any CPU.ActiveCfg = Release|Any CPU
		{5280FCA0-7903-0457-4627-6712F7705BB7}.Release|Any CPU.Build.0 = Release|Any CPU
		{5A34B16A-98F1-1F71-7BCB-FA3ACAF52199}.Debug|Any CPU.ActiveCfg = Debug|Any CPU
		{5A34B16A-98F1-1F71-7BCB-FA3ACAF52199}.Debug|Any CPU.Build.0 = Debug|Any CPU
		{5A34B16A-98F1-1F71-7BCB-FA3ACAF52199}.Release|Any CPU.ActiveCfg = Release|Any CPU
		{5A34B16A-98F1-1F71-7BCB-FA3ACAF52199}.Release|Any CPU.Build.0 = Release|Any CPU
		{0982C610-9489-90FE-4748-2459F065DC1D}.Debug|Any CPU.ActiveCfg = Debug|Any CPU
		{0982C610-9489-90FE-4748-2459F065DC1D}.Debug|Any CPU.Build.0 = Debug|Any CPU
		{0982C610-9489-90FE-4748-2459F065DC1D}.Release|Any CPU.ActiveCfg = Release|Any CPU
		{0982C610-9489-90FE-4748-2459F065DC1D}.Release|Any CPU.Build.0 = Release|Any CPU
		{D3B881CD-EFDC-A1B2-E70D-EB781386C8C0}.Debug|Any CPU.ActiveCfg = Debug|Any CPU
		{D3B881CD-EFDC-A1B2-E70D-EB781386C8C0}.Debug|Any CPU.Build.0 = Debug|Any CPU
		{D3B881CD-EFDC-A1B2-E70D-EB781386C8C0}.Release|Any CPU.ActiveCfg = Release|Any CPU
		{D3B881CD-EFDC-A1B2-E70D-EB781386C8C0}.Release|Any CPU.Build.0 = Release|Any CPU
	EndGlobalSection
	GlobalSection(SolutionProperties) = preSolution
		HideSolutionNode = FALSE
	EndGlobalSection
EndGlobal
